// !$*UTF8*$!
{
	archiveVersion = 1;
	classes = {
	};
	objectVersion = 46;
	objects = {

/* Begin PBXBuildFile section */
		1150B6F4BD9B33335BC31B47 /* Pods_taaskapp.framework in Frameworks */ = {isa = PBXBuildFile; fileRef = 5DEF7F5762754FC466A907D1 /* Pods_taaskapp.framework */; };
		5D9964631D0FBB8B0054CDAC /* Task.swift in Sources */ = {isa = PBXBuildFile; fileRef = 5D9964621D0FBB8B0054CDAC /* Task.swift */; };
		5DBCFB501D0FA3BC007C1EA2 /* AppDelegate.swift in Sources */ = {isa = PBXBuildFile; fileRef = 5DBCFB4F1D0FA3BC007C1EA2 /* AppDelegate.swift */; };
		5DBCFB521D0FA3BC007C1EA2 /* ViewController.swift in Sources */ = {isa = PBXBuildFile; fileRef = 5DBCFB511D0FA3BC007C1EA2 /* ViewController.swift */; };
		5DBCFB551D0FA3BC007C1EA2 /* Main.storyboard in Resources */ = {isa = PBXBuildFile; fileRef = 5DBCFB531D0FA3BC007C1EA2 /* Main.storyboard */; };
		5DBCFB571D0FA3BC007C1EA2 /* Assets.xcassets in Resources */ = {isa = PBXBuildFile; fileRef = 5DBCFB561D0FA3BC007C1EA2 /* Assets.xcassets */; };
		5DBCFB5A1D0FA3BC007C1EA2 /* LaunchScreen.storyboard in Resources */ = {isa = PBXBuildFile; fileRef = 5DBCFB581D0FA3BC007C1EA2 /* LaunchScreen.storyboard */; };
		5DBCFB621D0FA614007C1EA2 /* InputViewController.swift in Sources */ = {isa = PBXBuildFile; fileRef = 5DBCFB611D0FA614007C1EA2 /* InputViewController.swift */; };
/* End PBXBuildFile section */

/* Begin PBXFileReference section */
		5D9964621D0FBB8B0054CDAC /* Task.swift */ = {isa = PBXFileReference; fileEncoding = 4; lastKnownFileType = sourcecode.swift; path = Task.swift; sourceTree = "<group>"; };
		5DBCFB4C1D0FA3BC007C1EA2 /* taaskapp.app */ = {isa = PBXFileReference; explicitFileType = wrapper.application; includeInIndex = 0; path = taaskapp.app; sourceTree = BUILT_PRODUCTS_DIR; };
		5DBCFB4F1D0FA3BC007C1EA2 /* AppDelegate.swift */ = {isa = PBXFileReference; lastKnownFileType = sourcecode.swift; path = AppDelegate.swift; sourceTree = "<group>"; };
		5DBCFB511D0FA3BC007C1EA2 /* ViewController.swift */ = {isa = PBXFileReference; lastKnownFileType = sourcecode.swift; path = ViewController.swift; sourceTree = "<group>"; };
		5DBCFB541D0FA3BC007C1EA2 /* Base */ = {isa = PBXFileReference; lastKnownFileType = file.storyboard; name = Base; path = Base.lproj/Main.storyboard; sourceTree = "<group>"; };
		5DBCFB561D0FA3BC007C1EA2 /* Assets.xcassets */ = {isa = PBXFileReference; lastKnownFileType = folder.assetcatalog; path = Assets.xcassets; sourceTree = "<group>"; };
		5DBCFB591D0FA3BC007C1EA2 /* Base */ = {isa = PBXFileReference; lastKnownFileType = file.storyboard; name = Base; path = Base.lproj/LaunchScreen.storyboard; sourceTree = "<group>"; };
		5DBCFB5B1D0FA3BC007C1EA2 /* Info.plist */ = {isa = PBXFileReference; lastKnownFileType = text.plist.xml; path = Info.plist; sourceTree = "<group>"; };
		5DBCFB611D0FA614007C1EA2 /* InputViewController.swift */ = {isa = PBXFileReference; fileEncoding = 4; lastKnownFileType = sourcecode.swift; path = InputViewController.swift; sourceTree = "<group>"; };
		5DEF7F5762754FC466A907D1 /* Pods_taaskapp.framework */ = {isa = PBXFileReference; explicitFileType = wrapper.framework; includeInIndex = 0; path = Pods_taaskapp.framework; sourceTree = BUILT_PRODUCTS_DIR; };
		E26801239E32E640EC9FDFC8 /* Pods-taaskapp.release.xcconfig */ = {isa = PBXFileReference; includeInIndex = 1; lastKnownFileType = text.xcconfig; name = "Pods-taaskapp.release.xcconfig"; path = "Pods/Target Support Files/Pods-taaskapp/Pods-taaskapp.release.xcconfig"; sourceTree = "<group>"; };
		F9B7B6127F617441D3B1A5DF /* Pods-taaskapp.debug.xcconfig */ = {isa = PBXFileReference; includeInIndex = 1; lastKnownFileType = text.xcconfig; name = "Pods-taaskapp.debug.xcconfig"; path = "Pods/Target Support Files/Pods-taaskapp/Pods-taaskapp.debug.xcconfig"; sourceTree = "<group>"; };
/* End PBXFileReference section */

/* Begin PBXFrameworksBuildPhase section */
		5DBCFB491D0FA3BC007C1EA2 /* Frameworks */ = {
			isa = PBXFrameworksBuildPhase;
			buildActionMask = 2147483647;
			files = (
				1150B6F4BD9B33335BC31B47 /* Pods_taaskapp.framework in Frameworks */,
			);
			runOnlyForDeploymentPostprocessing = 0;
		};
/* End PBXFrameworksBuildPhase section */

/* Begin PBXGroup section */
		2FD3A9F5DB8B0EA4A27E61B2 /* Frameworks */ = {
			isa = PBXGroup;
			children = (
				5DEF7F5762754FC466A907D1 /* Pods_taaskapp.framework */,
			);
			name = Frameworks;
			sourceTree = "<group>";
		};
		5DBCFB431D0FA3BC007C1EA2 = {
			isa = PBXGroup;
			children = (
				5DBCFB4E1D0FA3BC007C1EA2 /* taaskapp */,
				5DBCFB4D1D0FA3BC007C1EA2 /* Products */,
				8402F2DB04C3D9A2EE3B1603 /* Pods */,
				2FD3A9F5DB8B0EA4A27E61B2 /* Frameworks */,
			);
			sourceTree = "<group>";
		};
		5DBCFB4D1D0FA3BC007C1EA2 /* Products */ = {
			isa = PBXGroup;
			children = (
				5DBCFB4C1D0FA3BC007C1EA2 /* taaskapp.app */,
			);
			name = Products;
			sourceTree = "<group>";
		};
		5DBCFB4E1D0FA3BC007C1EA2 /* taaskapp */ = {
			isa = PBXGroup;
			children = (
				5DBCFB4F1D0FA3BC007C1EA2 /* AppDelegate.swift */,
				5DBCFB511D0FA3BC007C1EA2 /* ViewController.swift */,
				5D9964621D0FBB8B0054CDAC /* Task.swift */,
				5DBCFB611D0FA614007C1EA2 /* InputViewController.swift */,
				5DBCFB531D0FA3BC007C1EA2 /* Main.storyboard */,
				5DBCFB561D0FA3BC007C1EA2 /* Assets.xcassets */,
				5DBCFB581D0FA3BC007C1EA2 /* LaunchScreen.storyboard */,
				5DBCFB5B1D0FA3BC007C1EA2 /* Info.plist */,
			);
			path = taaskapp;
			sourceTree = "<group>";
		};
		8402F2DB04C3D9A2EE3B1603 /* Pods */ = {
			isa = PBXGroup;
			children = (
				F9B7B6127F617441D3B1A5DF /* Pods-taaskapp.debug.xcconfig */,
				E26801239E32E640EC9FDFC8 /* Pods-taaskapp.release.xcconfig */,
			);
			name = Pods;
			sourceTree = "<group>";
		};
/* End PBXGroup section */

/* Begin PBXNativeTarget section */
		5DBCFB4B1D0FA3BC007C1EA2 /* taaskapp */ = {
			isa = PBXNativeTarget;
			buildConfigurationList = 5DBCFB5E1D0FA3BC007C1EA2 /* Build configuration list for PBXNativeTarget "taaskapp" */;
			buildPhases = (
				7D3D20F2C17DABDF866FEBC1 /* [CP] Check Pods Manifest.lock */,
				5DBCFB481D0FA3BC007C1EA2 /* Sources */,
				5DBCFB491D0FA3BC007C1EA2 /* Frameworks */,
				5DBCFB4A1D0FA3BC007C1EA2 /* Resources */,
				8049CCB8698157F418618492 /* [CP] Embed Pods Frameworks */,
				63AD28CCC09AACEBB285628F /* [CP] Copy Pods Resources */,
			);
			buildRules = (
			);
			dependencies = (
			);
			name = taaskapp;
			productName = taaskapp;
			productReference = 5DBCFB4C1D0FA3BC007C1EA2 /* taaskapp.app */;
			productType = "com.apple.product-type.application";
		};
/* End PBXNativeTarget section */

/* Begin PBXProject section */
		5DBCFB441D0FA3BC007C1EA2 /* Project object */ = {
			isa = PBXProject;
			attributes = {
				LastSwiftUpdateCheck = 0730;
				LastUpgradeCheck = 0730;
				ORGANIZATIONNAME = ginjiro.yamasaki;
				TargetAttributes = {
					5DBCFB4B1D0FA3BC007C1EA2 = {
						CreatedOnToolsVersion = 7.3.1;
						DevelopmentTeam = G3J6TSDXB9;
					};
				};
			};
			buildConfigurationList = 5DBCFB471D0FA3BC007C1EA2 /* Build configuration list for PBXProject "taaskapp" */;
			compatibilityVersion = "Xcode 3.2";
			developmentRegion = English;
			hasScannedForEncodings = 0;
			knownRegions = (
				en,
				Base,
			);
			mainGroup = 5DBCFB431D0FA3BC007C1EA2;
			productRefGroup = 5DBCFB4D1D0FA3BC007C1EA2 /* Products */;
			projectDirPath = "";
			projectRoot = "";
			targets = (
				5DBCFB4B1D0FA3BC007C1EA2 /* taaskapp */,
			);
		};
/* End PBXProject section */

/* Begin PBXResourcesBuildPhase section */
		5DBCFB4A1D0FA3BC007C1EA2 /* Resources */ = {
			isa = PBXResourcesBuildPhase;
			buildActionMask = 2147483647;
			files = (
				5DBCFB5A1D0FA3BC007C1EA2 /* LaunchScreen.storyboard in Resources */,
				5DBCFB571D0FA3BC007C1EA2 /* Assets.xcassets in Resources */,
				5DBCFB551D0FA3BC007C1EA2 /* Main.storyboard in Resources */,
			);
			runOnlyForDeploymentPostprocessing = 0;
		};
/* End PBXResourcesBuildPhase section */

/* Begin PBXShellScriptBuildPhase section */
		63AD28CCC09AACEBB285628F /* [CP] Copy Pods Resources */ = {
			isa = PBXShellScriptBuildPhase;
			buildActionMask = 2147483647;
			files = (
			);
			inputPaths = (
			);
			name = "[CP] Copy Pods Resources";
			outputPaths = (
			);
			runOnlyForDeploymentPostprocessing = 0;
			shellPath = /bin/sh;
			shellScript = "\"${SRCROOT}/Pods/Target Support Files/Pods-taaskapp/Pods-taaskapp-resources.sh\"\n";
			showEnvVarsInLog = 0;
		};
		7D3D20F2C17DABDF866FEBC1 /* [CP] Check Pods Manifest.lock */ = {
			isa = PBXShellScriptBuildPhase;
			buildActionMask = 2147483647;
			files = (
			);
			inputPaths = (
			);
			name = "[CP] Check Pods Manifest.lock";
			outputPaths = (
			);
			runOnlyForDeploymentPostprocessing = 0;
			shellPath = /bin/sh;
			shellScript = "diff \"${PODS_ROOT}/../Podfile.lock\" \"${PODS_ROOT}/Manifest.lock\" > /dev/null\nif [[ $? != 0 ]] ; then\n    cat << EOM\nerror: The sandbox is not in sync with the Podfile.lock. Run 'pod install' or update your CocoaPods installation.\nEOM\n    exit 1\nfi\n";
			showEnvVarsInLog = 0;
		};
		8049CCB8698157F418618492 /* [CP] Embed Pods Frameworks */ = {
			isa = PBXShellScriptBuildPhase;
			buildActionMask = 2147483647;
			files = (
			);
			inputPaths = (
			);
			name = "[CP] Embed Pods Frameworks";
			outputPaths = (
			);
			runOnlyForDeploymentPostprocessing = 0;
			shellPath = /bin/sh;
			shellScript = "\"${SRCROOT}/Pods/Target Support Files/Pods-taaskapp/Pods-taaskapp-frameworks.sh\"\n";
			showEnvVarsInLog = 0;
		};
/* End PBXShellScriptBuildPhase section */

/* Begin PBXSourcesBuildPhase section */
		5DBCFB481D0FA3BC007C1EA2 /* Sources */ = {
			isa = PBXSourcesBuildPhase;
			buildActionMask = 2147483647;
			files = (
				5D9964631D0FBB8B0054CDAC /* Task.swift in Sources */,
				5DBCFB621D0FA614007C1EA2 /* InputViewController.swift in Sources */,
				5DBCFB521D0FA3BC007C1EA2 /* ViewController.swift in Sources */,
				5DBCFB501D0FA3BC007C1EA2 /* AppDelegate.swift in Sources */,
			);
			runOnlyForDeploymentPostprocessing = 0;
		};
/* End PBXSourcesBuildPhase section */

/* Begin PBXVariantGroup section */
		5DBCFB531D0FA3BC007C1EA2 /* Main.storyboard */ = {
			isa = PBXVariantGroup;
			children = (
				5DBCFB541D0FA3BC007C1EA2 /* Base */,
			);
			name = Main.storyboard;
			sourceTree = "<group>";
		};
		5DBCFB581D0FA3BC007C1EA2 /* LaunchScreen.storyboard */ = {
			isa = PBXVariantGroup;
			children = (
				5DBCFB591D0FA3BC007C1EA2 /* Base */,
			);
			name = LaunchScreen.storyboard;
			sourceTree = "<group>";
		};
/* End PBXVariantGroup section */

/* Begin XCBuildConfiguration section */
		5DBCFB5C1D0FA3BC007C1EA2 /* Debug */ = {
			isa = XCBuildConfiguration;
			buildSettings = {
				ALWAYS_SEARCH_USER_PATHS = NO;
				CLANG_ANALYZER_NONNULL = YES;
				CLANG_CXX_LANGUAGE_STANDARD = "gnu++0x";
				CLANG_CXX_LIBRARY = "libc++";
				CLANG_ENABLE_MODULES = YES;
				CLANG_ENABLE_OBJC_ARC = YES;
				CLANG_WARN_BOOL_CONVERSION = YES;
				CLANG_WARN_CONSTANT_CONVERSION = YES;
				CLANG_WARN_DIRECT_OBJC_ISA_USAGE = YES_ERROR;
				CLANG_WARN_EMPTY_BODY = YES;
				CLANG_WARN_ENUM_CONVERSION = YES;
				CLANG_WARN_INT_CONVERSION = YES;
				CLANG_WARN_OBJC_ROOT_CLASS = YES_ERROR;
				CLANG_WARN_UNREACHABLE_CODE = YES;
				CLANG_WARN__DUPLICATE_METHOD_MATCH = YES;
				"CODE_SIGN_IDENTITY[sdk=iphoneos*]" = "iPhone Developer";
				COPY_PHASE_STRIP = NO;
				DEBUG_INFORMATION_FORMAT = dwarf;
				ENABLE_STRICT_OBJC_MSGSEND = YES;
				ENABLE_TESTABILITY = YES;
				GCC_C_LANGUAGE_STANDARD = gnu99;
				GCC_DYNAMIC_NO_PIC = NO;
				GCC_NO_COMMON_BLOCKS = YES;
				GCC_OPTIMIZATION_LEVEL = 0;
				GCC_PREPROCESSOR_DEFINITIONS = (
					"DEBUG=1",
					"$(inherited)",
				);
				GCC_WARN_64_TO_32_BIT_CONVERSION = YES;
				GCC_WARN_ABOUT_RETURN_TYPE = YES_ERROR;
				GCC_WARN_UNDECLARED_SELECTOR = YES;
				GCC_WARN_UNINITIALIZED_AUTOS = YES_AGGRESSIVE;
				GCC_WARN_UNUSED_FUNCTION = YES;
				GCC_WARN_UNUSED_VARIABLE = YES;
				IPHONEOS_DEPLOYMENT_TARGET = 9.3;
				MTL_ENABLE_DEBUG_INFO = YES;
				ONLY_ACTIVE_ARCH = YES;
				SDKROOT = iphoneos;
				SWIFT_OPTIMIZATION_LEVEL = "-Onone";
			};
			name = Debug;
		};
		5DBCFB5D1D0FA3BC007C1EA2 /* Release */ = {
			isa = XCBuildConfiguration;
			buildSettings = {
				ALWAYS_SEARCH_USER_PATHS = NO;
				CLANG_ANALYZER_NONNULL = YES;
				CLANG_CXX_LANGUAGE_STANDARD = "gnu++0x";
				CLANG_CXX_LIBRARY = "libc++";
				CLANG_ENABLE_MODULES = YES;
				CLANG_ENABLE_OBJC_ARC = YES;
				CLANG_WARN_BOOL_CONVERSION = YES;
				CLANG_WARN_CONSTANT_CONVERSION = YES;
				CLANG_WARN_DIRECT_OBJC_ISA_USAGE = YES_ERROR;
				CLANG_WARN_EMPTY_BODY = YES;
				CLANG_WARN_ENUM_CONVERSION = YES;
				CLANG_WARN_INT_CONVERSION = YES;
				CLANG_WARN_OBJC_ROOT_CLASS = YES_ERROR;
				CLANG_WARN_UNREACHABLE_CODE = YES;
				CLANG_WARN__DUPLICATE_METHOD_MATCH = YES;
				"CODE_SIGN_IDENTITY[sdk=iphoneos*]" = "iPhone Developer";
				COPY_PHASE_STRIP = NO;
				DEBUG_INFORMATION_FORMAT = "dwarf-with-dsym";
				ENABLE_NS_ASSERTIONS = NO;
				ENABLE_STRICT_OBJC_MSGSEND = YES;
				GCC_C_LANGUAGE_STANDARD = gnu99;
				GCC_NO_COMMON_BLOCKS = YES;
				GCC_WARN_64_TO_32_BIT_CONVERSION = YES;
				GCC_WARN_ABOUT_RETURN_TYPE = YES_ERROR;
				GCC_WARN_UNDECLARED_SELECTOR = YES;
				GCC_WARN_UNINITIALIZED_AUTOS = YES_AGGRESSIVE;
				GCC_WARN_UNUSED_FUNCTION = YES;
				GCC_WARN_UNUSED_VARIABLE = YES;
				IPHONEOS_DEPLOYMENT_TARGET = 9.3;
				MTL_ENABLE_DEBUG_INFO = NO;
				SDKROOT = iphoneos;
				VALIDATE_PRODUCT = YES;
			};
			name = Release;
		};
		5DBCFB5F1D0FA3BC007C1EA2 /* Debug */ = {
			isa = XCBuildConfiguration;
			baseConfigurationReference = F9B7B6127F617441D3B1A5DF /* Pods-taaskapp.debug.xcconfig */;
			buildSettings = {
				ASSETCATALOG_COMPILER_APPICON_NAME = AppIcon;
				INFOPLIST_FILE = taaskapp/Info.plist;
				LD_RUNPATH_SEARCH_PATHS = "$(inherited) @executable_path/Frameworks";
				PRODUCT_BUNDLE_IDENTIFIER = jp.techacademy.ginjiro.yamasaki.taaskapp;
				PRODUCT_NAME = "$(TARGET_NAME)";
			};
			name = Debug;
		};
		5DBCFB601D0FA3BC007C1EA2 /* Release */ = {
			isa = XCBuildConfiguration;
			baseConfigurationReference = E26801239E32E640EC9FDFC8 /* Pods-taaskapp.release.xcconfig */;
			buildSettings = {
				ASSETCATALOG_COMPILER_APPICON_NAME = AppIcon;
				INFOPLIST_FILE = taaskapp/Info.plist;
				LD_RUNPATH_SEARCH_PATHS = "$(inherited) @executable_path/Frameworks";
				PRODUCT_BUNDLE_IDENTIFIER = jp.techacademy.ginjiro.yamasaki.taaskapp;
				PRODUCT_NAME = "$(TARGET_NAME)";
			};
			name = Release;
		};
/* End XCBuildConfiguration section */

/* Begin XCConfigurationList section */
		5DBCFB471D0FA3BC007C1EA2 /* Build configuration list for PBXProject "taaskapp" */ = {
			isa = XCConfigurationList;
			buildConfigurations = (
				5DBCFB5C1D0FA3BC007C1EA2 /* Debug */,
				5DBCFB5D1D0FA3BC007C1EA2 /* Release */,
			);
			defaultConfigurationIsVisible = 0;
			defaultConfigurationName = Release;
		};
		5DBCFB5E1D0FA3BC007C1EA2 /* Build configuration list for PBXNativeTarget "taaskapp" */ = {
			isa = XCConfigurationList;
			buildConfigurations = (
				5DBCFB5F1D0FA3BC007C1EA2 /* Debug */,
				5DBCFB601D0FA3BC007C1EA2 /* Release */,
			);
			defaultConfigurationIsVisible = 0;
			defaultConfigurationName = Release;
		};
/* End XCConfigurationList section */
	};
	rootObject = 5DBCFB441D0FA3BC007C1EA2 /* Project object */;
}
